
Microsoft Visual Studio Solution File, Format Version 12.00
# Visual Studio Version 17
VisualStudioVersion = 17.0.31903.59
MinimumVisualStudioVersion = 10.0.40219.1
Project("{2150E333-8FDC-42A3-9474-1A3956D46DE8}") = "Code", "Code", "{47E6F123-CBC2-4938-9FD3-16E0E90439CD}"
EndProject
Project("{2150E333-8FDC-42A3-9474-1A3956D46DE8}") = "Game", "Game", "{92902E44-81A3-4DB5-B094-911B209C7067}"
EndProject
Project("{FAE04EC0-301F-11D3-BF4B-00C04F79EFBC}") = "TheMaze", "Code\Game\TheMaze\TheMaze.csproj", "{61DAF49A-2399-4EC4-BA9F-6F3CBD7CED36}"
EndProject
Project("{FAE04EC0-301F-11D3-BF4B-00C04F79EFBC}") = "Program", "Program\Program.csproj", "{5EE34060-8989-415E-8D4A-FDAEC7F7FF59}"
EndProject
Project("{FAE04EC0-301F-11D3-BF4B-00C04F79EFBC}") = "Trap", "Code\Game\Trap\Trap.csproj", "{E9058F52-796B-4C0B-9DFB-637F5F41FADC}"
EndProject
Project("{FAE04EC0-301F-11D3-BF4B-00C04F79EFBC}") = "Character", "Code\Game\Character\Character.csproj", "{82F65DB7-724D-447F-8AC2-09D8418ACD75}"
EndProject
Project("{FAE04EC0-301F-11D3-BF4B-00C04F79EFBC}") = "Cells", "Code\Game\Cells\Cells.csproj", "{2ADEAB57-1264-4C54-B55A-554063CE7BAA}"
EndProject
Project("{FAE04EC0-301F-11D3-BF4B-00C04F79EFBC}") = "GameManager", "Code\Game\GameManager\GameManager.csproj", "{31CA5622-7261-4E8B-AF52-921FF479B16A}"
EndProject
Project("{FAE04EC0-301F-11D3-BF4B-00C04F79EFBC}") = "Player", "Code\Game\Player\Player.csproj", "{B68BA7EE-80E5-4848-8D14-A0BED52F56C7}"
EndProject
Global
	GlobalSection(SolutionConfigurationPlatforms) = preSolution
		Debug|Any CPU = Debug|Any CPU
		Release|Any CPU = Release|Any CPU
	EndGlobalSection
	GlobalSection(ProjectConfigurationPlatforms) = postSolution
		{61DAF49A-2399-4EC4-BA9F-6F3CBD7CED36}.Debug|Any CPU.ActiveCfg = Debug|Any CPU
		{61DAF49A-2399-4EC4-BA9F-6F3CBD7CED36}.Debug|Any CPU.Build.0 = Debug|Any CPU
		{61DAF49A-2399-4EC4-BA9F-6F3CBD7CED36}.Release|Any CPU.ActiveCfg = Release|Any CPU
		{61DAF49A-2399-4EC4-BA9F-6F3CBD7CED36}.Release|Any CPU.Build.0 = Release|Any CPU
		{5EE34060-8989-415E-8D4A-FDAEC7F7FF59}.Debug|Any CPU.ActiveCfg = Debug|Any CPU
		{5EE34060-8989-415E-8D4A-FDAEC7F7FF59}.Debug|Any CPU.Build.0 = Debug|Any CPU
		{5EE34060-8989-415E-8D4A-FDAEC7F7FF59}.Release|Any CPU.ActiveCfg = Release|Any CPU
		{5EE34060-8989-415E-8D4A-FDAEC7F7FF59}.Release|Any CPU.Build.0 = Release|Any CPU
		{E9058F52-796B-4C0B-9DFB-637F5F41FADC}.Debug|Any CPU.ActiveCfg = Debug|Any CPU
		{E9058F52-796B-4C0B-9DFB-637F5F41FADC}.Debug|Any CPU.Build.0 = Debug|Any CPU
		{E9058F52-796B-4C0B-9DFB-637F5F41FADC}.Release|Any CPU.ActiveCfg = Release|Any CPU
		{E9058F52-796B-4C0B-9DFB-637F5F41FADC}.Release|Any CPU.Build.0 = Release|Any CPU
		{82F65DB7-724D-447F-8AC2-09D8418ACD75}.Debug|Any CPU.ActiveCfg = Debug|Any CPU
		{82F65DB7-724D-447F-8AC2-09D8418ACD75}.Debug|Any CPU.Build.0 = Debug|Any CPU
		{82F65DB7-724D-447F-8AC2-09D8418ACD75}.Release|Any CPU.ActiveCfg = Release|Any CPU
		{82F65DB7-724D-447F-8AC2-09D8418ACD75}.Release|Any CPU.Build.0 = Release|Any CPU
		{2ADEAB57-1264-4C54-B55A-554063CE7BAA}.Debug|Any CPU.ActiveCfg = Debug|Any CPU
		{2ADEAB57-1264-4C54-B55A-554063CE7BAA}.Debug|Any CPU.Build.0 = Debug|Any CPU
		{2ADEAB57-1264-4C54-B55A-554063CE7BAA}.Release|Any CPU.ActiveCfg = Release|Any CPU
		{2ADEAB57-1264-4C54-B55A-554063CE7BAA}.Release|Any CPU.Build.0 = Release|Any CPU
		{31CA5622-7261-4E8B-AF52-921FF479B16A}.Debug|Any CPU.ActiveCfg = Debug|Any CPU
		{31CA5622-7261-4E8B-AF52-921FF479B16A}.Debug|Any CPU.Build.0 = Debug|Any CPU
		{31CA5622-7261-4E8B-AF52-921FF479B16A}.Release|Any CPU.ActiveCfg = Release|Any CPU
		{31CA5622-7261-4E8B-AF52-921FF479B16A}.Release|Any CPU.Build.0 = Release|Any CPU
		{B68BA7EE-80E5-4848-8D14-A0BED52F56C7}.Debug|Any CPU.ActiveCfg = Debug|Any CPU
		{B68BA7EE-80E5-4848-8D14-A0BED52F56C7}.Debug|Any CPU.Build.0 = Debug|Any CPU
		{B68BA7EE-80E5-4848-8D14-A0BED52F56C7}.Release|Any CPU.ActiveCfg = Release|Any CPU
		{B68BA7EE-80E5-4848-8D14-A0BED52F56C7}.Release|Any CPU.Build.0 = Release|Any CPU
	EndGlobalSection
	GlobalSection(SolutionProperties) = preSolution
		HideSolutionNode = FALSE
	EndGlobalSection
	GlobalSection(NestedProjects) = preSolution
		{92902E44-81A3-4DB5-B094-911B209C7067} = {47E6F123-CBC2-4938-9FD3-16E0E90439CD}
		{61DAF49A-2399-4EC4-BA9F-6F3CBD7CED36} = {92902E44-81A3-4DB5-B094-911B209C7067}
		{E9058F52-796B-4C0B-9DFB-637F5F41FADC} = {92902E44-81A3-4DB5-B094-911B209C7067}
		{82F65DB7-724D-447F-8AC2-09D8418ACD75} = {92902E44-81A3-4DB5-B094-911B209C7067}
		{2ADEAB57-1264-4C54-B55A-554063CE7BAA} = {92902E44-81A3-4DB5-B094-911B209C7067}
		{31CA5622-7261-4E8B-AF52-921FF479B16A} = {92902E44-81A3-4DB5-B094-911B209C7067}
		{B68BA7EE-80E5-4848-8D14-A0BED52F56C7} = {92902E44-81A3-4DB5-B094-911B209C7067}
	EndGlobalSection
EndGlobal
