
Microsoft Visual Studio Solution File, Format Version 12.00
# Visual Studio Version 17
VisualStudioVersion = 17.0.31903.59
MinimumVisualStudioVersion = 10.0.40219.1
Project("{FAE04EC0-301F-11D3-BF4B-00C04F79EFBC}") = "Program", "Program\Program.csproj", "{86AA64F9-9725-43C0-8E9B-AF38C8C22B24}"
EndProject
Project("{2150E333-8FDC-42A3-9474-1A3956D46DE8}") = "src", "src", "{C3C2AA4E-01F7-4D5D-95A1-87A07137D2FC}"
EndProject
Project("{2150E333-8FDC-42A3-9474-1A3956D46DE8}") = "core", "core", "{8770120F-3F20-4A84-998D-2AB4AE3AC7D4}"
EndProject
Project("{FAE04EC0-301F-11D3-BF4B-00C04F79EFBC}") = "Game", "src\core\Game\Game.csproj", "{DCC07507-67A3-42A0-BD1D-3166C3BEFD7F}"
EndProject
Project("{2150E333-8FDC-42A3-9474-1A3956D46DE8}") = "Code", "Code", "{5B6ACA22-EF72-4719-83D7-502286D9EEF4}"
EndProject
Project("{2150E333-8FDC-42A3-9474-1A3956D46DE8}") = "Game", "Game", "{27B398F1-C8BA-4A21-85A7-5EBC5FD4E12D}"
EndProject
Project("{FAE04EC0-301F-11D3-BF4B-00C04F79EFBC}") = "GameManager", "Code\Game\GameManager\GameManager.csproj", "{368C0AC7-7BF6-4EC6-9C86-3C38F77EB10F}"
EndProject
Project("{FAE04EC0-301F-11D3-BF4B-00C04F79EFBC}") = "Maze", "Code\Game\Maze\Maze.csproj", "{D7C778FE-173D-49C9-AD40-B12797368AAD}"
EndProject
Project("{FAE04EC0-301F-11D3-BF4B-00C04F79EFBC}") = "Player", "Code\Game\Player\Player.csproj", "{42D07533-9385-4CB3-A031-C74902694E05}"
EndProject
Project("{FAE04EC0-301F-11D3-BF4B-00C04F79EFBC}") = "Character", "Code\Game\Character\Character.csproj", "{6D07C3FA-E0EB-4BDC-A4FF-A472DC87CF75}"
EndProject
Project("{FAE04EC0-301F-11D3-BF4B-00C04F79EFBC}") = "Obstaculos", "Code\Game\Obstaculo\Obstaculos.csproj", "{48A458CC-181E-43D8-A5AC-6A8D9AC2C2CF}"
EndProject
Project("{FAE04EC0-301F-11D3-BF4B-00C04F79EFBC}") = "Trampas", "Code\Game\Trampas\Trampas.csproj", "{8EC0C83B-D313-4345-AE9B-7C1E1FF68D44}"
EndProject
Global
	GlobalSection(SolutionConfigurationPlatforms) = preSolution
		Debug|Any CPU = Debug|Any CPU
		Release|Any CPU = Release|Any CPU
	EndGlobalSection
	GlobalSection(SolutionProperties) = preSolution
		HideSolutionNode = FALSE
	EndGlobalSection
	GlobalSection(ProjectConfigurationPlatforms) = postSolution
		{86AA64F9-9725-43C0-8E9B-AF38C8C22B24}.Debug|Any CPU.ActiveCfg = Debug|Any CPU
		{86AA64F9-9725-43C0-8E9B-AF38C8C22B24}.Debug|Any CPU.Build.0 = Debug|Any CPU
		{86AA64F9-9725-43C0-8E9B-AF38C8C22B24}.Release|Any CPU.ActiveCfg = Release|Any CPU
		{86AA64F9-9725-43C0-8E9B-AF38C8C22B24}.Release|Any CPU.Build.0 = Release|Any CPU
		{DCC07507-67A3-42A0-BD1D-3166C3BEFD7F}.Debug|Any CPU.ActiveCfg = Debug|Any CPU
		{DCC07507-67A3-42A0-BD1D-3166C3BEFD7F}.Debug|Any CPU.Build.0 = Debug|Any CPU
		{DCC07507-67A3-42A0-BD1D-3166C3BEFD7F}.Release|Any CPU.ActiveCfg = Release|Any CPU
		{DCC07507-67A3-42A0-BD1D-3166C3BEFD7F}.Release|Any CPU.Build.0 = Release|Any CPU
		{368C0AC7-7BF6-4EC6-9C86-3C38F77EB10F}.Debug|Any CPU.ActiveCfg = Debug|Any CPU
		{368C0AC7-7BF6-4EC6-9C86-3C38F77EB10F}.Debug|Any CPU.Build.0 = Debug|Any CPU
		{368C0AC7-7BF6-4EC6-9C86-3C38F77EB10F}.Release|Any CPU.ActiveCfg = Release|Any CPU
		{368C0AC7-7BF6-4EC6-9C86-3C38F77EB10F}.Release|Any CPU.Build.0 = Release|Any CPU
		{D7C778FE-173D-49C9-AD40-B12797368AAD}.Debug|Any CPU.ActiveCfg = Debug|Any CPU
		{D7C778FE-173D-49C9-AD40-B12797368AAD}.Debug|Any CPU.Build.0 = Debug|Any CPU
		{D7C778FE-173D-49C9-AD40-B12797368AAD}.Release|Any CPU.ActiveCfg = Release|Any CPU
		{D7C778FE-173D-49C9-AD40-B12797368AAD}.Release|Any CPU.Build.0 = Release|Any CPU
		{42D07533-9385-4CB3-A031-C74902694E05}.Debug|Any CPU.ActiveCfg = Debug|Any CPU
		{42D07533-9385-4CB3-A031-C74902694E05}.Debug|Any CPU.Build.0 = Debug|Any CPU
		{42D07533-9385-4CB3-A031-C74902694E05}.Release|Any CPU.ActiveCfg = Release|Any CPU
		{42D07533-9385-4CB3-A031-C74902694E05}.Release|Any CPU.Build.0 = Release|Any CPU
		{6D07C3FA-E0EB-4BDC-A4FF-A472DC87CF75}.Debug|Any CPU.ActiveCfg = Debug|Any CPU
		{6D07C3FA-E0EB-4BDC-A4FF-A472DC87CF75}.Debug|Any CPU.Build.0 = Debug|Any CPU
		{6D07C3FA-E0EB-4BDC-A4FF-A472DC87CF75}.Release|Any CPU.ActiveCfg = Release|Any CPU
		{6D07C3FA-E0EB-4BDC-A4FF-A472DC87CF75}.Release|Any CPU.Build.0 = Release|Any CPU
		{48A458CC-181E-43D8-A5AC-6A8D9AC2C2CF}.Debug|Any CPU.ActiveCfg = Debug|Any CPU
		{48A458CC-181E-43D8-A5AC-6A8D9AC2C2CF}.Debug|Any CPU.Build.0 = Debug|Any CPU
		{48A458CC-181E-43D8-A5AC-6A8D9AC2C2CF}.Release|Any CPU.ActiveCfg = Release|Any CPU
		{48A458CC-181E-43D8-A5AC-6A8D9AC2C2CF}.Release|Any CPU.Build.0 = Release|Any CPU
		{8EC0C83B-D313-4345-AE9B-7C1E1FF68D44}.Debug|Any CPU.ActiveCfg = Debug|Any CPU
		{8EC0C83B-D313-4345-AE9B-7C1E1FF68D44}.Debug|Any CPU.Build.0 = Debug|Any CPU
		{8EC0C83B-D313-4345-AE9B-7C1E1FF68D44}.Release|Any CPU.ActiveCfg = Release|Any CPU
		{8EC0C83B-D313-4345-AE9B-7C1E1FF68D44}.Release|Any CPU.Build.0 = Release|Any CPU
	EndGlobalSection
	GlobalSection(NestedProjects) = preSolution
		{8770120F-3F20-4A84-998D-2AB4AE3AC7D4} = {C3C2AA4E-01F7-4D5D-95A1-87A07137D2FC}
		{DCC07507-67A3-42A0-BD1D-3166C3BEFD7F} = {8770120F-3F20-4A84-998D-2AB4AE3AC7D4}
		{27B398F1-C8BA-4A21-85A7-5EBC5FD4E12D} = {5B6ACA22-EF72-4719-83D7-502286D9EEF4}
		{368C0AC7-7BF6-4EC6-9C86-3C38F77EB10F} = {27B398F1-C8BA-4A21-85A7-5EBC5FD4E12D}
		{D7C778FE-173D-49C9-AD40-B12797368AAD} = {27B398F1-C8BA-4A21-85A7-5EBC5FD4E12D}
		{42D07533-9385-4CB3-A031-C74902694E05} = {27B398F1-C8BA-4A21-85A7-5EBC5FD4E12D}
		{6D07C3FA-E0EB-4BDC-A4FF-A472DC87CF75} = {27B398F1-C8BA-4A21-85A7-5EBC5FD4E12D}
		{48A458CC-181E-43D8-A5AC-6A8D9AC2C2CF} = {27B398F1-C8BA-4A21-85A7-5EBC5FD4E12D}
		{8EC0C83B-D313-4345-AE9B-7C1E1FF68D44} = {27B398F1-C8BA-4A21-85A7-5EBC5FD4E12D}
	EndGlobalSection
EndGlobal
